
Microsoft Visual Studio Solution File, Format Version 12.00
# Visual Studio Version 17
VisualStudioVersion = 17.13.35931.197 d17.13
MinimumVisualStudioVersion = 10.0.40219.1
Project("{FAE04EC0-301F-11D3-BF4B-00C04F79EFBC}") = "ConsoleApp2", "ConsoleApp2\ConsoleApp2.csproj", "{D077DAB9-9B70-43B7-9CD2-5B22B57F7576}"
EndProject
Global
	GlobalSection(SolutionConfigurationPlatforms) = preSolution
		Debug|Any CPU = Debug|Any CPU
		Release|Any CPU = Release|Any CPU
	EndGlobalSection
	GlobalSection(ProjectConfigurationPlatforms) = postSolution
		{D077DAB9-9B70-43B7-9CD2-5B22B57F7576}.Debug|Any CPU.ActiveCfg = Debug|Any CPU
		{D077DAB9-9B70-43B7-9CD2-5B22B57F7576}.Debug|Any CPU.Build.0 = Debug|Any CPU
		{D077DAB9-9B70-43B7-9CD2-5B22B57F7576}.Release|Any CPU.ActiveCfg = Release|Any CPU
		{D077DAB9-9B70-43B7-9CD2-5B22B57F7576}.Release|Any CPU.Build.0 = Release|Any CPU
	EndGlobalSection
	GlobalSection(SolutionProperties) = preSolution
		HideSolutionNode = FALSE
	EndGlobalSection
	GlobalSection(ExtensibilityGlobals) = postSolution
		SolutionGuid = {C74514E5-DC11-4ACA-80BA-C51DA84EAA7B}
	EndGlobalSection
EndGlobal
